// !$*UTF8*$!
{
	archiveVersion = 1;
	classes = {
	};
	objectVersion = 50;
	objects = {

/* Begin PBXBuildFile section */
		A92E857625587036001F7894 /* SendDataBackToUIKit.swift in Sources */ = {isa = PBXBuildFile; fileRef = A92E857525587036001F7894 /* SendDataBackToUIKit.swift */; };
		A92E85792558A881001F7894 /* LayoutIntroduction.swift in Sources */ = {isa = PBXBuildFile; fileRef = A92E85782558A881001F7894 /* LayoutIntroduction.swift */; };
		A92E857C2558C1E6001F7894 /* ComplexUIView.swift in Sources */ = {isa = PBXBuildFile; fileRef = A92E857B2558C1E6001F7894 /* ComplexUIView.swift */; };
		A92E8580255922B7001F7894 /* LazyVStackExample.swift in Sources */ = {isa = PBXBuildFile; fileRef = A92E857F255922B7001F7894 /* LazyVStackExample.swift */; };
		A9A94D2025568CDA00CB8496 /* AppDelegate.swift in Sources */ = {isa = PBXBuildFile; fileRef = A9A94D1F25568CDA00CB8496 /* AppDelegate.swift */; };
		A9A94D2225568CDA00CB8496 /* SceneDelegate.swift in Sources */ = {isa = PBXBuildFile; fileRef = A9A94D2125568CDA00CB8496 /* SceneDelegate.swift */; };
		A9A94D2425568CDA00CB8496 /* ViewController.swift in Sources */ = {isa = PBXBuildFile; fileRef = A9A94D2325568CDA00CB8496 /* ViewController.swift */; };
		A9A94D2725568CDA00CB8496 /* Main.storyboard in Resources */ = {isa = PBXBuildFile; fileRef = A9A94D2525568CDA00CB8496 /* Main.storyboard */; };
		A9A94D2925568CDA00CB8496 /* Assets.xcassets in Resources */ = {isa = PBXBuildFile; fileRef = A9A94D2825568CDA00CB8496 /* Assets.xcassets */; };
		A9A94D2C25568CDA00CB8496 /* LaunchScreen.storyboard in Resources */ = {isa = PBXBuildFile; fileRef = A9A94D2A25568CDA00CB8496 /* LaunchScreen.storyboard */; };
		A9A94D3625568D0D00CB8496 /* SettingsView.swift in Sources */ = {isa = PBXBuildFile; fileRef = A9A94D3525568D0D00CB8496 /* SettingsView.swift */; };
		A9A94D3A2556906700CB8496 /* ProfileView.swift in Sources */ = {isa = PBXBuildFile; fileRef = A9A94D392556906700CB8496 /* ProfileView.swift */; };
		A9A94D3D25571E7F00CB8496 /* ShowDataView.swift in Sources */ = {isa = PBXBuildFile; fileRef = A9A94D3C25571E7F00CB8496 /* ShowDataView.swift */; };
		A9A94D402557994A00CB8496 /* ShowDataViewWithCode.swift in Sources */ = {isa = PBXBuildFile; fileRef = A9A94D3F2557994A00CB8496 /* ShowDataViewWithCode.swift */; };
/* End PBXBuildFile section */

/* Begin PBXFileReference section */
		A92E857525587036001F7894 /* SendDataBackToUIKit.swift */ = {isa = PBXFileReference; lastKnownFileType = sourcecode.swift; path = SendDataBackToUIKit.swift; sourceTree = "<group>"; };
		A92E85782558A881001F7894 /* LayoutIntroduction.swift */ = {isa = PBXFileReference; lastKnownFileType = sourcecode.swift; path = LayoutIntroduction.swift; sourceTree = "<group>"; };
		A92E857B2558C1E6001F7894 /* ComplexUIView.swift */ = {isa = PBXFileReference; lastKnownFileType = sourcecode.swift; path = ComplexUIView.swift; sourceTree = "<group>"; };
		A92E857F255922B7001F7894 /* LazyVStackExample.swift */ = {isa = PBXFileReference; lastKnownFileType = sourcecode.swift; path = LazyVStackExample.swift; sourceTree = "<group>"; };
		A9A94D1C25568CDA00CB8496 /* UIKitAppWithSwiftUI.app */ = {isa = PBXFileReference; explicitFileType = wrapper.application; includeInIndex = 0; path = UIKitAppWithSwiftUI.app; sourceTree = BUILT_PRODUCTS_DIR; };
		A9A94D1F25568CDA00CB8496 /* AppDelegate.swift */ = {isa = PBXFileReference; lastKnownFileType = sourcecode.swift; path = AppDelegate.swift; sourceTree = "<group>"; };
		A9A94D2125568CDA00CB8496 /* SceneDelegate.swift */ = {isa = PBXFileReference; lastKnownFileType = sourcecode.swift; path = SceneDelegate.swift; sourceTree = "<group>"; };
		A9A94D2325568CDA00CB8496 /* ViewController.swift */ = {isa = PBXFileReference; lastKnownFileType = sourcecode.swift; path = ViewController.swift; sourceTree = "<group>"; };
		A9A94D2625568CDA00CB8496 /* Base */ = {isa = PBXFileReference; lastKnownFileType = file.storyboard; name = Base; path = Base.lproj/Main.storyboard; sourceTree = "<group>"; };
		A9A94D2825568CDA00CB8496 /* Assets.xcassets */ = {isa = PBXFileReference; lastKnownFileType = folder.assetcatalog; path = Assets.xcassets; sourceTree = "<group>"; };
		A9A94D2B25568CDA00CB8496 /* Base */ = {isa = PBXFileReference; lastKnownFileType = file.storyboard; name = Base; path = Base.lproj/LaunchScreen.storyboard; sourceTree = "<group>"; };
		A9A94D2D25568CDA00CB8496 /* Info.plist */ = {isa = PBXFileReference; lastKnownFileType = text.plist.xml; path = Info.plist; sourceTree = "<group>"; };
		A9A94D3525568D0D00CB8496 /* SettingsView.swift */ = {isa = PBXFileReference; lastKnownFileType = sourcecode.swift; path = SettingsView.swift; sourceTree = "<group>"; };
		A9A94D392556906700CB8496 /* ProfileView.swift */ = {isa = PBXFileReference; lastKnownFileType = sourcecode.swift; path = ProfileView.swift; sourceTree = "<group>"; };
		A9A94D3C25571E7F00CB8496 /* ShowDataView.swift */ = {isa = PBXFileReference; lastKnownFileType = sourcecode.swift; path = ShowDataView.swift; sourceTree = "<group>"; };
		A9A94D3F2557994A00CB8496 /* ShowDataViewWithCode.swift */ = {isa = PBXFileReference; lastKnownFileType = sourcecode.swift; path = ShowDataViewWithCode.swift; sourceTree = "<group>"; };
/* End PBXFileReference section */

/* Begin PBXFrameworksBuildPhase section */
		A9A94D1925568CDA00CB8496 /* Frameworks */ = {
			isa = PBXFrameworksBuildPhase;
			buildActionMask = 2147483647;
			files = (
			);
			runOnlyForDeploymentPostprocessing = 0;
		};
/* End PBXFrameworksBuildPhase section */

/* Begin PBXGroup section */
		A92E857E2559229F001F7894 /* Tables and Collection Views */ = {
			isa = PBXGroup;
			children = (
				A92E857F255922B7001F7894 /* LazyVStackExample.swift */,
			);
			path = "Tables and Collection Views";
			sourceTree = "<group>";
		};
		A9A94D1325568CD900CB8496 = {
			isa = PBXGroup;
			children = (
				A9A94D1E25568CDA00CB8496 /* UIKitAppWithSwiftUI */,
				A9A94D1D25568CDA00CB8496 /* Products */,
			);
			sourceTree = "<group>";
		};
		A9A94D1D25568CDA00CB8496 /* Products */ = {
			isa = PBXGroup;
			children = (
				A9A94D1C25568CDA00CB8496 /* UIKitAppWithSwiftUI.app */,
			);
			name = Products;
			sourceTree = "<group>";
		};
		A9A94D1E25568CDA00CB8496 /* UIKitAppWithSwiftUI */ = {
			isa = PBXGroup;
			children = (
				A9A94D3425568D0000CB8496 /* SwiftUI Views */,
				A9A94D1F25568CDA00CB8496 /* AppDelegate.swift */,
				A9A94D2125568CDA00CB8496 /* SceneDelegate.swift */,
				A9A94D2325568CDA00CB8496 /* ViewController.swift */,
				A9A94D2525568CDA00CB8496 /* Main.storyboard */,
				A9A94D2825568CDA00CB8496 /* Assets.xcassets */,
				A9A94D2A25568CDA00CB8496 /* LaunchScreen.storyboard */,
				A9A94D2D25568CDA00CB8496 /* Info.plist */,
			);
			path = UIKitAppWithSwiftUI;
			sourceTree = "<group>";
		};
		A9A94D3425568D0000CB8496 /* SwiftUI Views */ = {
			isa = PBXGroup;
			children = (
				A92E857E2559229F001F7894 /* Tables and Collection Views */,
				A9A94D3525568D0D00CB8496 /* SettingsView.swift */,
				A9A94D392556906700CB8496 /* ProfileView.swift */,
				A9A94D3C25571E7F00CB8496 /* ShowDataView.swift */,
				A9A94D3F2557994A00CB8496 /* ShowDataViewWithCode.swift */,
				A92E857525587036001F7894 /* SendDataBackToUIKit.swift */,
				A92E85782558A881001F7894 /* LayoutIntroduction.swift */,
				A92E857B2558C1E6001F7894 /* ComplexUIView.swift */,
			);
			path = "SwiftUI Views";
			sourceTree = "<group>";
		};
/* End PBXGroup section */

/* Begin PBXNativeTarget section */
		A9A94D1B25568CDA00CB8496 /* UIKitAppWithSwiftUI */ = {
			isa = PBXNativeTarget;
			buildConfigurationList = A9A94D3025568CDA00CB8496 /* Build configuration list for PBXNativeTarget "UIKitAppWithSwiftUI" */;
			buildPhases = (
				A9A94D1825568CDA00CB8496 /* Sources */,
				A9A94D1925568CDA00CB8496 /* Frameworks */,
				A9A94D1A25568CDA00CB8496 /* Resources */,
			);
			buildRules = (
			);
			dependencies = (
			);
			name = UIKitAppWithSwiftUI;
			productName = UIKitAppWithSwiftUI;
			productReference = A9A94D1C25568CDA00CB8496 /* UIKitAppWithSwiftUI.app */;
			productType = "com.apple.product-type.application";
		};
/* End PBXNativeTarget section */

/* Begin PBXProject section */
		A9A94D1425568CD900CB8496 /* Project object */ = {
			isa = PBXProject;
			attributes = {
				LastSwiftUpdateCheck = 1210;
				LastUpgradeCheck = 1210;
				TargetAttributes = {
					A9A94D1B25568CDA00CB8496 = {
						CreatedOnToolsVersion = 12.1;
					};
				};
			};
			buildConfigurationList = A9A94D1725568CD900CB8496 /* Build configuration list for PBXProject "UIKitAppWithSwiftUI" */;
			compatibilityVersion = "Xcode 9.3";
			developmentRegion = en;
			hasScannedForEncodings = 0;
			knownRegions = (
				en,
				Base,
			);
			mainGroup = A9A94D1325568CD900CB8496;
			productRefGroup = A9A94D1D25568CDA00CB8496 /* Products */;
			projectDirPath = "";
			projectRoot = "";
			targets = (
				A9A94D1B25568CDA00CB8496 /* UIKitAppWithSwiftUI */,
			);
		};
/* End PBXProject section */

/* Begin PBXResourcesBuildPhase section */
		A9A94D1A25568CDA00CB8496 /* Resources */ = {
			isa = PBXResourcesBuildPhase;
			buildActionMask = 2147483647;
			files = (
				A9A94D2C25568CDA00CB8496 /* LaunchScreen.storyboard in Resources */,
				A9A94D2925568CDA00CB8496 /* Assets.xcassets in Resources */,
				A9A94D2725568CDA00CB8496 /* Main.storyboard in Resources */,
			);
			runOnlyForDeploymentPostprocessing = 0;
		};
/* End PBXResourcesBuildPhase section */

/* Begin PBXSourcesBuildPhase section */
		A9A94D1825568CDA00CB8496 /* Sources */ = {
			isa = PBXSourcesBuildPhase;
			buildActionMask = 2147483647;
			files = (
				A9A94D2425568CDA00CB8496 /* ViewController.swift in Sources */,
				A9A94D3625568D0D00CB8496 /* SettingsView.swift in Sources */,
				A92E857625587036001F7894 /* SendDataBackToUIKit.swift in Sources */,
				A9A94D3A2556906700CB8496 /* ProfileView.swift in Sources */,
				A9A94D2025568CDA00CB8496 /* AppDelegate.swift in Sources */,
				A9A94D402557994A00CB8496 /* ShowDataViewWithCode.swift in Sources */,
				A92E85792558A881001F7894 /* LayoutIntroduction.swift in Sources */,
				A92E857C2558C1E6001F7894 /* ComplexUIView.swift in Sources */,
				A9A94D2225568CDA00CB8496 /* SceneDelegate.swift in Sources */,
				A9A94D3D25571E7F00CB8496 /* ShowDataView.swift in Sources */,
				A92E8580255922B7001F7894 /* LazyVStackExample.swift in Sources */,
			);
			runOnlyForDeploymentPostprocessing = 0;
		};
/* End PBXSourcesBuildPhase section */

/* Begin PBXVariantGroup section */
		A9A94D2525568CDA00CB8496 /* Main.storyboard */ = {
			isa = PBXVariantGroup;
			children = (
				A9A94D2625568CDA00CB8496 /* Base */,
			);
			name = Main.storyboard;
			sourceTree = "<group>";
		};
		A9A94D2A25568CDA00CB8496 /* LaunchScreen.storyboard */ = {
			isa = PBXVariantGroup;
			children = (
				A9A94D2B25568CDA00CB8496 /* Base */,
			);
			name = LaunchScreen.storyboard;
			sourceTree = "<group>";
		};
/* End PBXVariantGroup section */

/* Begin XCBuildConfiguration section */
		A9A94D2E25568CDA00CB8496 /* Debug */ = {
			isa = XCBuildConfiguration;
			buildSettings = {
				ALWAYS_SEARCH_USER_PATHS = NO;
				CLANG_ANALYZER_NONNULL = YES;
				CLANG_ANALYZER_NUMBER_OBJECT_CONVERSION = YES_AGGRESSIVE;
				CLANG_CXX_LANGUAGE_STANDARD = "gnu++14";
				CLANG_CXX_LIBRARY = "libc++";
				CLANG_ENABLE_MODULES = YES;
				CLANG_ENABLE_OBJC_ARC = YES;
				CLANG_ENABLE_OBJC_WEAK = YES;
				CLANG_WARN_BLOCK_CAPTURE_AUTORELEASING = YES;
				CLANG_WARN_BOOL_CONVERSION = YES;
				CLANG_WARN_COMMA = YES;
				CLANG_WARN_CONSTANT_CONVERSION = YES;
				CLANG_WARN_DEPRECATED_OBJC_IMPLEMENTATIONS = YES;
				CLANG_WARN_DIRECT_OBJC_ISA_USAGE = YES_ERROR;
				CLANG_WARN_DOCUMENTATION_COMMENTS = YES;
				CLANG_WARN_EMPTY_BODY = YES;
				CLANG_WARN_ENUM_CONVERSION = YES;
				CLANG_WARN_INFINITE_RECURSION = YES;
				CLANG_WARN_INT_CONVERSION = YES;
				CLANG_WARN_NON_LITERAL_NULL_CONVERSION = YES;
				CLANG_WARN_OBJC_IMPLICIT_RETAIN_SELF = YES;
				CLANG_WARN_OBJC_LITERAL_CONVERSION = YES;
				CLANG_WARN_OBJC_ROOT_CLASS = YES_ERROR;
				CLANG_WARN_QUOTED_INCLUDE_IN_FRAMEWORK_HEADER = YES;
				CLANG_WARN_RANGE_LOOP_ANALYSIS = YES;
				CLANG_WARN_STRICT_PROTOTYPES = YES;
				CLANG_WARN_SUSPICIOUS_MOVE = YES;
				CLANG_WARN_UNGUARDED_AVAILABILITY = YES_AGGRESSIVE;
				CLANG_WARN_UNREACHABLE_CODE = YES;
				CLANG_WARN__DUPLICATE_METHOD_MATCH = YES;
				COPY_PHASE_STRIP = NO;
				DEBUG_INFORMATION_FORMAT = dwarf;
				ENABLE_STRICT_OBJC_MSGSEND = YES;
				ENABLE_TESTABILITY = YES;
				GCC_C_LANGUAGE_STANDARD = gnu11;
				GCC_DYNAMIC_NO_PIC = NO;
				GCC_NO_COMMON_BLOCKS = YES;
				GCC_OPTIMIZATION_LEVEL = 0;
				GCC_PREPROCESSOR_DEFINITIONS = (
					"DEBUG=1",
					"$(inherited)",
				);
				GCC_WARN_64_TO_32_BIT_CONVERSION = YES;
				GCC_WARN_ABOUT_RETURN_TYPE = YES_ERROR;
				GCC_WARN_UNDECLARED_SELECTOR = YES;
				GCC_WARN_UNINITIALIZED_AUTOS = YES_AGGRESSIVE;
				GCC_WARN_UNUSED_FUNCTION = YES;
				GCC_WARN_UNUSED_VARIABLE = YES;
				IPHONEOS_DEPLOYMENT_TARGET = 14.1;
				MTL_ENABLE_DEBUG_INFO = INCLUDE_SOURCE;
				MTL_FAST_MATH = YES;
				ONLY_ACTIVE_ARCH = YES;
				SDKROOT = iphoneos;
				SWIFT_ACTIVE_COMPILATION_CONDITIONS = DEBUG;
				SWIFT_OPTIMIZATION_LEVEL = "-Onone";
			};
			name = Debug;
		};
		A9A94D2F25568CDA00CB8496 /* Release */ = {
			isa = XCBuildConfiguration;
			buildSettings = {
				ALWAYS_SEARCH_USER_PATHS = NO;
				CLANG_ANALYZER_NONNULL = YES;
				CLANG_ANALYZER_NUMBER_OBJECT_CONVERSION = YES_AGGRESSIVE;
				CLANG_CXX_LANGUAGE_STANDARD = "gnu++14";
				CLANG_CXX_LIBRARY = "libc++";
				CLANG_ENABLE_MODULES = YES;
				CLANG_ENABLE_OBJC_ARC = YES;
				CLANG_ENABLE_OBJC_WEAK = YES;
				CLANG_WARN_BLOCK_CAPTURE_AUTORELEASING = YES;
				CLANG_WARN_BOOL_CONVERSION = YES;
				CLANG_WARN_COMMA = YES;
				CLANG_WARN_CONSTANT_CONVERSION = YES;
				CLANG_WARN_DEPRECATED_OBJC_IMPLEMENTATIONS = YES;
				CLANG_WARN_DIRECT_OBJC_ISA_USAGE = YES_ERROR;
				CLANG_WARN_DOCUMENTATION_COMMENTS = YES;
				CLANG_WARN_EMPTY_BODY = YES;
				CLANG_WARN_ENUM_CONVERSION = YES;
				CLANG_WARN_INFINITE_RECURSION = YES;
				CLANG_WARN_INT_CONVERSION = YES;
				CLANG_WARN_NON_LITERAL_NULL_CONVERSION = YES;
				CLANG_WARN_OBJC_IMPLICIT_RETAIN_SELF = YES;
				CLANG_WARN_OBJC_LITERAL_CONVERSION = YES;
				CLANG_WARN_OBJC_ROOT_CLASS = YES_ERROR;
				CLANG_WARN_QUOTED_INCLUDE_IN_FRAMEWORK_HEADER = YES;
				CLANG_WARN_RANGE_LOOP_ANALYSIS = YES;
				CLANG_WARN_STRICT_PROTOTYPES = YES;
				CLANG_WARN_SUSPICIOUS_MOVE = YES;
				CLANG_WARN_UNGUARDED_AVAILABILITY = YES_AGGRESSIVE;
				CLANG_WARN_UNREACHABLE_CODE = YES;
				CLANG_WARN__DUPLICATE_METHOD_MATCH = YES;
				COPY_PHASE_STRIP = NO;
				DEBUG_INFORMATION_FORMAT = "dwarf-with-dsym";
				ENABLE_NS_ASSERTIONS = NO;
				ENABLE_STRICT_OBJC_MSGSEND = YES;
				GCC_C_LANGUAGE_STANDARD = gnu11;
				GCC_NO_COMMON_BLOCKS = YES;
				GCC_WARN_64_TO_32_BIT_CONVERSION = YES;
				GCC_WARN_ABOUT_RETURN_TYPE = YES_ERROR;
				GCC_WARN_UNDECLARED_SELECTOR = YES;
				GCC_WARN_UNINITIALIZED_AUTOS = YES_AGGRESSIVE;
				GCC_WARN_UNUSED_FUNCTION = YES;
				GCC_WARN_UNUSED_VARIABLE = YES;
				IPHONEOS_DEPLOYMENT_TARGET = 14.1;
				MTL_ENABLE_DEBUG_INFO = NO;
				MTL_FAST_MATH = YES;
				SDKROOT = iphoneos;
				SWIFT_COMPILATION_MODE = wholemodule;
				SWIFT_OPTIMIZATION_LEVEL = "-O";
				VALIDATE_PRODUCT = YES;
			};
			name = Release;
		};
		A9A94D3125568CDA00CB8496 /* Debug */ = {
			isa = XCBuildConfiguration;
			buildSettings = {
				ASSETCATALOG_COMPILER_APPICON_NAME = AppIcon;
				ASSETCATALOG_COMPILER_GLOBAL_ACCENT_COLOR_NAME = AccentColor;
				CODE_SIGN_STYLE = Automatic;
				INFOPLIST_FILE = UIKitAppWithSwiftUI/Info.plist;
				IPHONEOS_DEPLOYMENT_TARGET = 14.0;
				LD_RUNPATH_SEARCH_PATHS = (
					"$(inherited)",
					"@executable_path/Frameworks",
				);
				PRODUCT_BUNDLE_IDENTIFIER = com.swiftyjourney.UIKitAppWithSwiftUI;
				PRODUCT_NAME = "$(TARGET_NAME)";
				SWIFT_VERSION = 5.0;
				TARGETED_DEVICE_FAMILY = "1,2";
			};
			name = Debug;
		};
		A9A94D3225568CDA00CB8496 /* Release */ = {
			isa = XCBuildConfiguration;
			buildSettings = {
				ASSETCATALOG_COMPILER_APPICON_NAME = AppIcon;
				ASSETCATALOG_COMPILER_GLOBAL_ACCENT_COLOR_NAME = AccentColor;
				CODE_SIGN_STYLE = Automatic;
				INFOPLIST_FILE = UIKitAppWithSwiftUI/Info.plist;
				IPHONEOS_DEPLOYMENT_TARGET = 14.0;
				LD_RUNPATH_SEARCH_PATHS = (
					"$(inherited)",
					"@executable_path/Frameworks",
				);
				PRODUCT_BUNDLE_IDENTIFIER = com.swiftyjourney.UIKitAppWithSwiftUI;
				PRODUCT_NAME = "$(TARGET_NAME)";
				SWIFT_VERSION = 5.0;
				TARGETED_DEVICE_FAMILY = "1,2";
			};
			name = Release;
		};
/* End XCBuildConfiguration section */

/* Begin XCConfigurationList section */
		A9A94D1725568CD900CB8496 /* Build configuration list for PBXProject "UIKitAppWithSwiftUI" */ = {
			isa = XCConfigurationList;
			buildConfigurations = (
				A9A94D2E25568CDA00CB8496 /* Debug */,
				A9A94D2F25568CDA00CB8496 /* Release */,
			);
			defaultConfigurationIsVisible = 0;
			defaultConfigurationName = Release;
		};
		A9A94D3025568CDA00CB8496 /* Build configuration list for PBXNativeTarget "UIKitAppWithSwiftUI" */ = {
			isa = XCConfigurationList;
			buildConfigurations = (
				A9A94D3125568CDA00CB8496 /* Debug */,
				A9A94D3225568CDA00CB8496 /* Release */,
			);
			defaultConfigurationIsVisible = 0;
			defaultConfigurationName = Release;
		};
/* End XCConfigurationList section */
	};
	rootObject = A9A94D1425568CD900CB8496 /* Project object */;
}
